
Microsoft Visual Studio Solution File, Format Version 12.00
# Visual Studio Version 17
VisualStudioVersion = 17.0.31903.59
MinimumVisualStudioVersion = 10.0.40219.1
Project("{2150E333-8FDC-42A3-9474-1A3956D46DE8}") = "src", "src", "{FC2C2D47-A883-40A1-B04D-FCC4EA767643}"
EndProject
Project("{FAE04EC0-301F-11D3-BF4B-00C04F79EFBC}") = "WebUI", "src\WebUI\WebUI.csproj", "{A128DF54-0CFB-436F-AE40-D8E930CB6389}"
EndProject
Global
	GlobalSection(SolutionConfigurationPlatforms) = preSolution
		Debug|Any CPU = Debug|Any CPU
		Release|Any CPU = Release|Any CPU
	EndGlobalSection
	GlobalSection(SolutionProperties) = preSolution
		HideSolutionNode = FALSE
	EndGlobalSection
	GlobalSection(ProjectConfigurationPlatforms) = postSolution
		{A128DF54-0CFB-436F-AE40-D8E930CB6389}.Debug|Any CPU.ActiveCfg = Debug|Any CPU
		{A128DF54-0CFB-436F-AE40-D8E930CB6389}.Debug|Any CPU.Build.0 = Debug|Any CPU
		{A128DF54-0CFB-436F-AE40-D8E930CB6389}.Release|Any CPU.ActiveCfg = Release|Any CPU
		{A128DF54-0CFB-436F-AE40-D8E930CB6389}.Release|Any CPU.Build.0 = Release|Any CPU
	EndGlobalSection
	GlobalSection(NestedProjects) = preSolution
		{A128DF54-0CFB-436F-AE40-D8E930CB6389} = {FC2C2D47-A883-40A1-B04D-FCC4EA767643}
	EndGlobalSection
EndGlobal
